
Microsoft Visual Studio Solution File, Format Version 12.00
# Visual Studio 2017
Project("{FAE04EC0-301F-11D3-BF4B-00C04F79EFBC}") = "Draumr", "Draumr.csproj", "{A651681B-ACC1-9487-617E-C0A3A7B710BF}"
EndProject
Project("{FAE04EC0-301F-11D3-BF4B-00C04F79EFBC}") = "Draumr.Editor", "Draumr.Editor.csproj", "{2874CBF7-4710-B7B0-5313-32E2EF69C0B0}"
EndProject
Global
	GlobalSection(SolutionConfigurationPlatforms) = preSolution
		Debug|Any CPU = Debug|Any CPU
		Release|Any CPU = Release|Any CPU
	EndGlobalSection
	GlobalSection(ProjectConfigurationPlatforms) = postSolution
		{A651681B-ACC1-9487-617E-C0A3A7B710BF}.Debug|Any CPU.ActiveCfg = Debug|Any CPU
		{A651681B-ACC1-9487-617E-C0A3A7B710BF}.Debug|Any CPU.Build.0 = Debug|Any CPU
		{A651681B-ACC1-9487-617E-C0A3A7B710BF}.Release|Any CPU.ActiveCfg = Release|Any CPU
		{A651681B-ACC1-9487-617E-C0A3A7B710BF}.Release|Any CPU.Build.0 = Release|Any CPU
		{2874CBF7-4710-B7B0-5313-32E2EF69C0B0}.Debug|Any CPU.ActiveCfg = Debug|Any CPU
		{2874CBF7-4710-B7B0-5313-32E2EF69C0B0}.Debug|Any CPU.Build.0 = Debug|Any CPU
		{2874CBF7-4710-B7B0-5313-32E2EF69C0B0}.Release|Any CPU.ActiveCfg = Release|Any CPU
		{2874CBF7-4710-B7B0-5313-32E2EF69C0B0}.Release|Any CPU.Build.0 = Release|Any CPU
	EndGlobalSection
	GlobalSection(SolutionProperties) = preSolution
		HideSolutionNode = FALSE
	EndGlobalSection
EndGlobal
